
Microsoft Visual Studio Solution File, Format Version 11.00
# Visual Studio 2010
Project("{FAE04EC0-301F-11D3-BF4B-00C04F79EFBC}") = "TicTacToe", "TicTacToe\TicTacToe\TicTacToe.csproj", "{9B935830-577A-44FC-A008-F08F0DCE9C63}"
EndProject
Project("{96E2B04D-8817-42C6-938A-82C39BA4D311}") = "TicTacToeContent", "TicTacToe\TicTacToeContent\TicTacToeContent.contentproj", "{E251C993-C236-4B80-8661-4B5BC36ABA2E}"
EndProject
Global
	GlobalSection(SolutionConfigurationPlatforms) = preSolution
		Debug|Windows Phone = Debug|Windows Phone
		Release|Windows Phone = Release|Windows Phone
	EndGlobalSection
	GlobalSection(ProjectConfigurationPlatforms) = postSolution
		{9B935830-577A-44FC-A008-F08F0DCE9C63}.Debug|Windows Phone.ActiveCfg = Debug|Windows Phone
		{9B935830-577A-44FC-A008-F08F0DCE9C63}.Debug|Windows Phone.Build.0 = Debug|Windows Phone
		{9B935830-577A-44FC-A008-F08F0DCE9C63}.Debug|Windows Phone.Deploy.0 = Debug|Windows Phone
		{9B935830-577A-44FC-A008-F08F0DCE9C63}.Release|Windows Phone.ActiveCfg = Release|Windows Phone
		{9B935830-577A-44FC-A008-F08F0DCE9C63}.Release|Windows Phone.Build.0 = Release|Windows Phone
		{9B935830-577A-44FC-A008-F08F0DCE9C63}.Release|Windows Phone.Deploy.0 = Release|Windows Phone
		{E251C993-C236-4B80-8661-4B5BC36ABA2E}.Debug|Windows Phone.ActiveCfg = Debug|Windows Phone
		{E251C993-C236-4B80-8661-4B5BC36ABA2E}.Release|Windows Phone.ActiveCfg = Release|Windows Phone
	EndGlobalSection
	GlobalSection(SolutionProperties) = preSolution
		HideSolutionNode = FALSE
	EndGlobalSection
EndGlobal
